Microsoft Visual Studio Solution File, Format Version 12.00
# Visual Studio Version 17
VisualStudioVersion = 17.13.35919.96
MinimumVisualStudioVersion = 10.0.40219.1
Project("{FAE04EC0-301F-11D3-BF4B-00C04F79EFBC}") = "Task1", "Task1\Task1.csproj", "{F106E0C5-B8D0-4BC3-BB93-3ABE2AA70E86}"
EndProject
Project("{FAE04EC0-301F-11D3-BF4B-00C04F79EFBC}") = "Domain", "Domain\Domain.csproj", "{69305DDF-309D-41A6-A45C-BA9902E80F33}"
EndProject
Global
	GlobalSection(SolutionConfigurationPlatforms) = preSolution
		Debug|Any CPU = Debug|Any CPU
		Release|Any CPU = Release|Any CPU
	EndGlobalSection
	GlobalSection(ProjectConfigurationPlatforms) = postSolution
		{F106E0C5-B8D0-4BC3-BB93-3ABE2AA70E86}.Debug|Any CPU.ActiveCfg = Debug|Any CPU
		{F106E0C5-B8D0-4BC3-BB93-3ABE2AA70E86}.Debug|Any CPU.Build.0 = Debug|Any CPU
		{F106E0C5-B8D0-4BC3-BB93-3ABE2AA70E86}.Release|Any CPU.ActiveCfg = Release|Any CPU
		{F106E0C5-B8D0-4BC3-BB93-3ABE2AA70E86}.Release|Any CPU.Build.0 = Release|Any CPU
		{69305DDF-309D-41A6-A45C-BA9902E80F33}.Debug|Any CPU.ActiveCfg = Debug|Any CPU
		{69305DDF-309D-41A6-A45C-BA9902E80F33}.Debug|Any CPU.Build.0 = Debug|Any CPU
		{69305DDF-309D-41A6-A45C-BA9902E80F33}.Release|Any CPU.ActiveCfg = Release|Any CPU
		{69305DDF-309D-41A6-A45C-BA9902E80F33}.Release|Any CPU.Build.0 = Release|Any CPU
	EndGlobalSection
	GlobalSection(SolutionProperties) = preSolution
		HideSolutionNode = FALSE
	EndGlobalSection
	GlobalSection(ExtensibilityGlobals) = postSolution
		SolutionGuid = {0C3F8DD5-B9AF-44C5-8BA4-49014FAC3341}
	EndGlobalSection
EndGlobal
