
Microsoft Visual Studio Solution File, Format Version 12.00
# Visual Studio Version 17
VisualStudioVersion = 17.13.35825.156 d17.13
MinimumVisualStudioVersion = 10.0.40219.1
Project("{FAE04EC0-301F-11D3-BF4B-00C04F79EFBC}") = "RealCalculator", "Homework02\RealCalculator.csproj", "{BF3ACBA6-CE71-4FBB-874F-17AD988D0271}"
EndProject
Project("{FAE04EC0-301F-11D3-BF4B-00C04F79EFBC}") = "AverageNumber", "AverageNumber\AverageNumber.csproj", "{093F2A3E-E8EA-4F37-AFE3-44B256CDDB16}"
EndProject
Project("{FAE04EC0-301F-11D3-BF4B-00C04F79EFBC}") = "SwapNumbers", "SwapNumbers\SwapNumbers.csproj", "{C1D8FDBC-236B-4F61-A2A6-AAC9E5C4E3DE}"
EndProject
Global
	GlobalSection(SolutionConfigurationPlatforms) = preSolution
		Debug|Any CPU = Debug|Any CPU
		Release|Any CPU = Release|Any CPU
	EndGlobalSection
	GlobalSection(ProjectConfigurationPlatforms) = postSolution
		{BF3ACBA6-CE71-4FBB-874F-17AD988D0271}.Debug|Any CPU.ActiveCfg = Debug|Any CPU
		{BF3ACBA6-CE71-4FBB-874F-17AD988D0271}.Debug|Any CPU.Build.0 = Debug|Any CPU
		{BF3ACBA6-CE71-4FBB-874F-17AD988D0271}.Release|Any CPU.ActiveCfg = Release|Any CPU
		{BF3ACBA6-CE71-4FBB-874F-17AD988D0271}.Release|Any CPU.Build.0 = Release|Any CPU
		{093F2A3E-E8EA-4F37-AFE3-44B256CDDB16}.Debug|Any CPU.ActiveCfg = Debug|Any CPU
		{093F2A3E-E8EA-4F37-AFE3-44B256CDDB16}.Debug|Any CPU.Build.0 = Debug|Any CPU
		{093F2A3E-E8EA-4F37-AFE3-44B256CDDB16}.Release|Any CPU.ActiveCfg = Release|Any CPU
		{093F2A3E-E8EA-4F37-AFE3-44B256CDDB16}.Release|Any CPU.Build.0 = Release|Any CPU
		{C1D8FDBC-236B-4F61-A2A6-AAC9E5C4E3DE}.Debug|Any CPU.ActiveCfg = Debug|Any CPU
		{C1D8FDBC-236B-4F61-A2A6-AAC9E5C4E3DE}.Debug|Any CPU.Build.0 = Debug|Any CPU
		{C1D8FDBC-236B-4F61-A2A6-AAC9E5C4E3DE}.Release|Any CPU.ActiveCfg = Release|Any CPU
		{C1D8FDBC-236B-4F61-A2A6-AAC9E5C4E3DE}.Release|Any CPU.Build.0 = Release|Any CPU
	EndGlobalSection
	GlobalSection(SolutionProperties) = preSolution
		HideSolutionNode = FALSE
	EndGlobalSection
	GlobalSection(ExtensibilityGlobals) = postSolution
		SolutionGuid = {4FEDE48C-F888-4B9D-91D7-F398ACF73477}
	EndGlobalSection
EndGlobal
